
Microsoft Visual Studio Solution File, Format Version 12.00
# Visual Studio 15
VisualStudioVersion = 15.0.28010.2016
MinimumVisualStudioVersion = 10.0.40219.1
Project("{8BC9CEB8-8B4A-11D0-8D11-00A0C91BC942}") = "map容器学习5", "map容器学习5\map容器学习5.vcxproj", "{1D1ECFF5-A448-487C-8A55-A7C1176FC105}"
EndProject
Global
	GlobalSection(SolutionConfigurationPlatforms) = preSolution
		Debug|x64 = Debug|x64
		Debug|x86 = Debug|x86
		Release|x64 = Release|x64
		Release|x86 = Release|x86
	EndGlobalSection
	GlobalSection(ProjectConfigurationPlatforms) = postSolution
		{1D1ECFF5-A448-487C-8A55-A7C1176FC105}.Debug|x64.ActiveCfg = Debug|x64
		{1D1ECFF5-A448-487C-8A55-A7C1176FC105}.Debug|x64.Build.0 = Debug|x64
		{1D1ECFF5-A448-487C-8A55-A7C1176FC105}.Debug|x86.ActiveCfg = Debug|Win32
		{1D1ECFF5-A448-487C-8A55-A7C1176FC105}.Debug|x86.Build.0 = Debug|Win32
		{1D1ECFF5-A448-487C-8A55-A7C1176FC105}.Release|x64.ActiveCfg = Release|x64
		{1D1ECFF5-A448-487C-8A55-A7C1176FC105}.Release|x64.Build.0 = Release|x64
		{1D1ECFF5-A448-487C-8A55-A7C1176FC105}.Release|x86.ActiveCfg = Release|Win32
		{1D1ECFF5-A448-487C-8A55-A7C1176FC105}.Release|x86.Build.0 = Release|Win32
	EndGlobalSection
	GlobalSection(SolutionProperties) = preSolution
		HideSolutionNode = FALSE
	EndGlobalSection
	GlobalSection(ExtensibilityGlobals) = postSolution
		SolutionGuid = {920BDBB2-61F3-4206-9048-27AC76F93A51}
	EndGlobalSection
EndGlobal
