
Microsoft Visual Studio Solution File, Format Version 12.00
# Visual Studio 15
VisualStudioVersion = 15.0.28010.2016
MinimumVisualStudioVersion = 10.0.40219.1
Project("{8BC9CEB8-8B4A-11D0-8D11-00A0C91BC942}") = "STL1", "STL1\STL1.vcxproj", "{34AE8D3D-5187-4DEB-8E2E-50C21E442DA6}"
EndProject
Global
	GlobalSection(SolutionConfigurationPlatforms) = preSolution
		Debug|x64 = Debug|x64
		Debug|x86 = Debug|x86
		Release|x64 = Release|x64
		Release|x86 = Release|x86
	EndGlobalSection
	GlobalSection(ProjectConfigurationPlatforms) = postSolution
		{34AE8D3D-5187-4DEB-8E2E-50C21E442DA6}.Debug|x64.ActiveCfg = Debug|x64
		{34AE8D3D-5187-4DEB-8E2E-50C21E442DA6}.Debug|x64.Build.0 = Debug|x64
		{34AE8D3D-5187-4DEB-8E2E-50C21E442DA6}.Debug|x86.ActiveCfg = Debug|Win32
		{34AE8D3D-5187-4DEB-8E2E-50C21E442DA6}.Debug|x86.Build.0 = Debug|Win32
		{34AE8D3D-5187-4DEB-8E2E-50C21E442DA6}.Release|x64.ActiveCfg = Release|x64
		{34AE8D3D-5187-4DEB-8E2E-50C21E442DA6}.Release|x64.Build.0 = Release|x64
		{34AE8D3D-5187-4DEB-8E2E-50C21E442DA6}.Release|x86.ActiveCfg = Release|Win32
		{34AE8D3D-5187-4DEB-8E2E-50C21E442DA6}.Release|x86.Build.0 = Release|Win32
	EndGlobalSection
	GlobalSection(SolutionProperties) = preSolution
		HideSolutionNode = FALSE
	EndGlobalSection
	GlobalSection(ExtensibilityGlobals) = postSolution
		SolutionGuid = {1E94587C-1427-42B7-9CA0-FA38A75C5EDC}
	EndGlobalSection
EndGlobal
