
Microsoft Visual Studio Solution File, Format Version 12.00
# Visual Studio 15
VisualStudioVersion = 15.0.28010.2016
MinimumVisualStudioVersion = 10.0.40219.1
Project("{8BC9CEB8-8B4A-11D0-8D11-00A0C91BC942}") = "Project5", "Project5\Project5.vcxproj", "{EAA65C6A-5343-4881-83A8-03399707FF01}"
EndProject
Global
	GlobalSection(SolutionConfigurationPlatforms) = preSolution
		Debug|x64 = Debug|x64
		Debug|x86 = Debug|x86
		Release|x64 = Release|x64
		Release|x86 = Release|x86
	EndGlobalSection
	GlobalSection(ProjectConfigurationPlatforms) = postSolution
		{EAA65C6A-5343-4881-83A8-03399707FF01}.Debug|x64.ActiveCfg = Debug|x64
		{EAA65C6A-5343-4881-83A8-03399707FF01}.Debug|x64.Build.0 = Debug|x64
		{EAA65C6A-5343-4881-83A8-03399707FF01}.Debug|x86.ActiveCfg = Debug|Win32
		{EAA65C6A-5343-4881-83A8-03399707FF01}.Debug|x86.Build.0 = Debug|Win32
		{EAA65C6A-5343-4881-83A8-03399707FF01}.Release|x64.ActiveCfg = Release|x64
		{EAA65C6A-5343-4881-83A8-03399707FF01}.Release|x64.Build.0 = Release|x64
		{EAA65C6A-5343-4881-83A8-03399707FF01}.Release|x86.ActiveCfg = Release|Win32
		{EAA65C6A-5343-4881-83A8-03399707FF01}.Release|x86.Build.0 = Release|Win32
	EndGlobalSection
	GlobalSection(SolutionProperties) = preSolution
		HideSolutionNode = FALSE
	EndGlobalSection
	GlobalSection(ExtensibilityGlobals) = postSolution
		SolutionGuid = {3CC90D28-F4D7-49E9-902E-6DF1E2E3D33D}
	EndGlobalSection
EndGlobal
