
Microsoft Visual Studio Solution File, Format Version 12.00
# Visual Studio 15
VisualStudioVersion = 15.0.28010.2016
MinimumVisualStudioVersion = 10.0.40219.1
Project("{8BC9CEB8-8B4A-11D0-8D11-00A0C91BC942}") = "ConsoleApplication2", "ConsoleApplication2\ConsoleApplication2.vcxproj", "{E63339B3-3877-481F-A604-DC157E14CE72}"
EndProject
Global
	GlobalSection(SolutionConfigurationPlatforms) = preSolution
		Debug|x64 = Debug|x64
		Debug|x86 = Debug|x86
		Release|x64 = Release|x64
		Release|x86 = Release|x86
	EndGlobalSection
	GlobalSection(ProjectConfigurationPlatforms) = postSolution
		{E63339B3-3877-481F-A604-DC157E14CE72}.Debug|x64.ActiveCfg = Debug|x64
		{E63339B3-3877-481F-A604-DC157E14CE72}.Debug|x64.Build.0 = Debug|x64
		{E63339B3-3877-481F-A604-DC157E14CE72}.Debug|x86.ActiveCfg = Debug|Win32
		{E63339B3-3877-481F-A604-DC157E14CE72}.Debug|x86.Build.0 = Debug|Win32
		{E63339B3-3877-481F-A604-DC157E14CE72}.Release|x64.ActiveCfg = Release|x64
		{E63339B3-3877-481F-A604-DC157E14CE72}.Release|x64.Build.0 = Release|x64
		{E63339B3-3877-481F-A604-DC157E14CE72}.Release|x86.ActiveCfg = Release|Win32
		{E63339B3-3877-481F-A604-DC157E14CE72}.Release|x86.Build.0 = Release|Win32
	EndGlobalSection
	GlobalSection(SolutionProperties) = preSolution
		HideSolutionNode = FALSE
	EndGlobalSection
	GlobalSection(ExtensibilityGlobals) = postSolution
		SolutionGuid = {6923EF49-707A-4A96-A878-38D19FD9ACD2}
	EndGlobalSection
EndGlobal
